--- 
dependencies: 
  ruby-debug: 
    group: 
    - :test
    version: ">= 0"
  net-sftp: 
    group: 
    - :default
    version: ">= 0"
    require: 
    - net/sftp
  rails: 
    group: 
    - :default
    version: = 3.0.0.beta4
  ZenTest: 
    group: 
    - :test
    version: ">= 0"
  uuidtools: 
    group: 
    - :test
    version: ">= 0"
  haml: 
    group: 
    - :default
    version: ">= 0"
  net-ssh-multi: 
    group: 
    - :default
    version: ">= 0"
    require: 
    - net/ssh/multi
  couch_potato: 
    group: 
    - :default
    version: ">= 0"
  rspec-rails: 
    group: 
    - :test
    version: ">= 2.0.0.beta.14"
  formtastic: 
    group: 
    - :default
    version: ">= 0"
  net-ssh: 
    group: 
    - :default
    version: ">= 0"
    require: 
    - net/ssh
  right_aws: 
    group: 
    - :default
    version: ">= 0"
  mixlib-config: 
    group: 
    - :default
    version: ">= 0"
    require: 
    - mixlib/config
  json: 
    group: 
    - :default
    version: = 1.1.6
  rocking_chair: 
    group: 
    - :test
    version: ">= 0"
  simply_stored: 
    group: 
    - :default
    version: ">= 0"
    require: 
    - simply_stored/couch
  net-scp: 
    group: 
    - :default
    version: ">= 0"
    require: 
    - net/scp
  mixlib-authentication: 
    group: 
    - :default
    version: ">= 0"
    require: 
    - mixlib/authentication
specs: 
- rake: 
    version: 0.8.7
- ZenTest: 
    version: 4.3.3
- abstract: 
    version: 1.0.0
- activesupport: 
    version: 3.0.0.beta4
- builder: 
    version: 2.1.2
- i18n: 
    version: 0.4.1
- activemodel: 
    version: 3.0.0.beta4
- erubis: 
    version: 2.6.6
- rack: 
    version: 1.1.0
- rack-mount: 
    version: 0.6.9
- rack-test: 
    version: 0.5.4
- tzinfo: 
    version: 0.3.22
- actionpack: 
    version: 3.0.0.beta4
- mime-types: 
    version: "1.16"
- polyglot: 
    version: 0.3.1
- treetop: 
    version: 1.4.8
- mail: 
    version: 2.2.5
- actionmailer: 
    version: 3.0.0.beta4
- arel: 
    version: 0.4.0
- activerecord: 
    version: 3.0.0.beta4
- activeresource: 
    version: 3.0.0.beta4
- bundler: 
    version: 0.9.26
- columnize: 
    version: 0.3.1
- rest-client: 
    version: 1.6.0
- couchrest: 
    version: "0.37"
- json: 
    version: 1.1.6
- couch_potato: 
    version: 0.2.32
    source: 0
- diff-lcs: 
    version: 1.1.2
- formtastic: 
    version: 1.0.0.beta
    source: 1
- haml: 
    version: 3.0.13
- linecache: 
    version: "0.43"
- mattmatt-validatable: 
    version: 1.8.4
- mixlib-log: 
    version: 1.1.0
- mixlib-authentication: 
    version: 1.1.2
- mixlib-config: 
    version: 1.1.2
- net-ssh: 
    version: 2.0.23
- net-scp: 
    version: 1.0.2
- net-sftp: 
    version: 2.0.4
- net-ssh-gateway: 
    version: 1.0.1
- net-ssh-multi: 
    version: 1.0.1
- nokogiri: 
    version: 1.4.2
- thor: 
    version: 0.13.8
- railties: 
    version: 3.0.0.beta4
- rails: 
    version: 3.0.0.beta4
- right_http_connection: 
    version: 1.2.4
- right_aws: 
    version: 2.0.0
- simply_stored: 
    version: 0.3.6
- rocking_chair: 
    version: 0.1.0
- rspec-core: 
    version: 2.0.0.beta.17
- rspec-expectations: 
    version: 2.0.0.beta.17
- rspec-mocks: 
    version: 2.0.0.beta.17
- rspec: 
    version: 2.0.0.beta.17
- webrat: 
    version: 0.7.1
- rspec-rails: 
    version: 2.0.0.beta.17
- ruby-debug-base: 
    version: 0.10.3
- ruby-debug: 
    version: 0.10.3
- uuidtools: 
    version: 2.1.1
hash: 15ccd624d39568a60a9e8b42fed4c17ffdd50b9d
sources: 
- Git: 
    uri: git://github.com/langalex/couch_potato.git
    git: git://github.com/langalex/couch_potato.git
    ref: 9c4349cf292cf3242f057c6c6dc88aec056f12bb
- Git: 
    uri: git://github.com/justinfrench/formtastic.git
    branch: rails3
    git: git://github.com/justinfrench/formtastic.git
    ref: 038357cae3fbe4ce9d648249a4c6d0b1f520a1f4
- Rubygems: 
    uri: http://gemcutter.org
